
Microsoft Visual Studio Solution File, Format Version 12.00
# Visual Studio Version 16
VisualStudioVersion = 16.0.31424.327
MinimumVisualStudioVersion = 10.0.40219.1
Project("{FAE04EC0-301F-11D3-BF4B-00C04F79EFBC}") = "DealerOnRover", "DealerOnRover.csproj", "{28C01E73-480D-4DB1-87AB-A8FB96E21382}"
EndProject
Project("{FAE04EC0-301F-11D3-BF4B-00C04F79EFBC}") = "DealerOnRover.Test", "DealerOnRover.Test\DealerOnRover.Test.csproj", "{47AEFD51-1D95-4A13-8784-FA6EBE7BA24F}"
EndProject
Project("{2150E333-8FDC-42A3-9474-1A3956D46DE8}") = "Solution Items", "Solution Items", "{95CE881A-F4A8-462D-865D-39A545BBAB52}"
	ProjectSection(SolutionItems) = preProject
		Read Me.txt = Read Me.txt
	EndProjectSection
EndProject
Global
	GlobalSection(SolutionConfigurationPlatforms) = preSolution
		Debug|Any CPU = Debug|Any CPU
		Release|Any CPU = Release|Any CPU
	EndGlobalSection
	GlobalSection(ProjectConfigurationPlatforms) = postSolution
		{28C01E73-480D-4DB1-87AB-A8FB96E21382}.Debug|Any CPU.ActiveCfg = Debug|Any CPU
		{28C01E73-480D-4DB1-87AB-A8FB96E21382}.Debug|Any CPU.Build.0 = Debug|Any CPU
		{28C01E73-480D-4DB1-87AB-A8FB96E21382}.Release|Any CPU.ActiveCfg = Release|Any CPU
		{28C01E73-480D-4DB1-87AB-A8FB96E21382}.Release|Any CPU.Build.0 = Release|Any CPU
		{47AEFD51-1D95-4A13-8784-FA6EBE7BA24F}.Debug|Any CPU.ActiveCfg = Debug|Any CPU
		{47AEFD51-1D95-4A13-8784-FA6EBE7BA24F}.Debug|Any CPU.Build.0 = Debug|Any CPU
		{47AEFD51-1D95-4A13-8784-FA6EBE7BA24F}.Release|Any CPU.ActiveCfg = Release|Any CPU
		{47AEFD51-1D95-4A13-8784-FA6EBE7BA24F}.Release|Any CPU.Build.0 = Release|Any CPU
	EndGlobalSection
	GlobalSection(SolutionProperties) = preSolution
		HideSolutionNode = FALSE
	EndGlobalSection
	GlobalSection(ExtensibilityGlobals) = postSolution
		SolutionGuid = {C5CBB4CA-02D6-4457-AEA0-57E94CE635A0}
	EndGlobalSection
EndGlobal
